
Microsoft Visual Studio Solution File, Format Version 12.00
# Visual Studio Version 17
VisualStudioVersion = 17.10.34928.147
MinimumVisualStudioVersion = 10.0.40219.1
Project("{9A19103F-16F7-4668-BE54-9A1E7A4F7556}") = "WebApplication1", "WebApplication1\WebApplication1.csproj", "{EFFEE7FC-0D01-42ED-934F-40F5A843D0E5}"
EndProject
Project("{FAE04EC0-301F-11D3-BF4B-00C04F79EFBC}") = "WebApplication1.AppHost", "WebApplication1.AppHost\WebApplication1.AppHost.csproj", "{031282C4-454A-4951-AB06-EDAB3DB0FA80}"
EndProject
Project("{9A19103F-16F7-4668-BE54-9A1E7A4F7556}") = "WebApplication1.ServiceDefaults", "WebApplication1.ServiceDefaults\WebApplication1.ServiceDefaults.csproj", "{6D6DE3C0-16D9-4FF0-BC45-5965E703CD69}"
EndProject
Global
	GlobalSection(SolutionConfigurationPlatforms) = preSolution
		Debug|Any CPU = Debug|Any CPU
		Release|Any CPU = Release|Any CPU
	EndGlobalSection
	GlobalSection(ProjectConfigurationPlatforms) = postSolution
		{EFFEE7FC-0D01-42ED-934F-40F5A843D0E5}.Debug|Any CPU.ActiveCfg = Debug|Any CPU
		{EFFEE7FC-0D01-42ED-934F-40F5A843D0E5}.Debug|Any CPU.Build.0 = Debug|Any CPU
		{EFFEE7FC-0D01-42ED-934F-40F5A843D0E5}.Release|Any CPU.ActiveCfg = Release|Any CPU
		{EFFEE7FC-0D01-42ED-934F-40F5A843D0E5}.Release|Any CPU.Build.0 = Release|Any CPU
		{031282C4-454A-4951-AB06-EDAB3DB0FA80}.Debug|Any CPU.ActiveCfg = Debug|Any CPU
		{031282C4-454A-4951-AB06-EDAB3DB0FA80}.Debug|Any CPU.Build.0 = Debug|Any CPU
		{031282C4-454A-4951-AB06-EDAB3DB0FA80}.Release|Any CPU.ActiveCfg = Release|Any CPU
		{031282C4-454A-4951-AB06-EDAB3DB0FA80}.Release|Any CPU.Build.0 = Release|Any CPU
		{6D6DE3C0-16D9-4FF0-BC45-5965E703CD69}.Debug|Any CPU.ActiveCfg = Debug|Any CPU
		{6D6DE3C0-16D9-4FF0-BC45-5965E703CD69}.Debug|Any CPU.Build.0 = Debug|Any CPU
		{6D6DE3C0-16D9-4FF0-BC45-5965E703CD69}.Release|Any CPU.ActiveCfg = Release|Any CPU
		{6D6DE3C0-16D9-4FF0-BC45-5965E703CD69}.Release|Any CPU.Build.0 = Release|Any CPU
	EndGlobalSection
	GlobalSection(SolutionProperties) = preSolution
		HideSolutionNode = FALSE
	EndGlobalSection
	GlobalSection(ExtensibilityGlobals) = postSolution
		SolutionGuid = {3AED0A54-3D71-49C4-BE2E-1524C02CA890}
	EndGlobalSection
EndGlobal
