
Microsoft Visual Studio Solution File, Format Version 12.00
# Visual Studio Version 17
VisualStudioVersion = 17.10.34928.147
MinimumVisualStudioVersion = 10.0.40219.1
Project("{FAE04EC0-301F-11D3-BF4B-00C04F79EFBC}") = "EduNova", "EduNova\EduNova.csproj", "{5CA85279-107E-450D-9AD7-FB53552AA6FC}"
EndProject
Global
	GlobalSection(SolutionConfigurationPlatforms) = preSolution
		Debug|Any CPU = Debug|Any CPU
		Release|Any CPU = Release|Any CPU
	EndGlobalSection
	GlobalSection(ProjectConfigurationPlatforms) = postSolution
		{5CA85279-107E-450D-9AD7-FB53552AA6FC}.Debug|Any CPU.ActiveCfg = Debug|Any CPU
		{5CA85279-107E-450D-9AD7-FB53552AA6FC}.Debug|Any CPU.Build.0 = Debug|Any CPU
		{5CA85279-107E-450D-9AD7-FB53552AA6FC}.Release|Any CPU.ActiveCfg = Release|Any CPU
		{5CA85279-107E-450D-9AD7-FB53552AA6FC}.Release|Any CPU.Build.0 = Release|Any CPU
	EndGlobalSection
	GlobalSection(SolutionProperties) = preSolution
		HideSolutionNode = FALSE
	EndGlobalSection
	GlobalSection(ExtensibilityGlobals) = postSolution
		SolutionGuid = {A196948A-F3BB-4942-9867-200FBC849CE3}
	EndGlobalSection
EndGlobal
