
Microsoft Visual Studio Solution File, Format Version 12.00
# Visual Studio Version 17
VisualStudioVersion = 17.10.34928.147
MinimumVisualStudioVersion = 10.0.40219.1
Project("{FAE04EC0-301F-11D3-BF4B-00C04F79EFBC}") = "WebApplication2", "WebApplication2\WebApplication2.csproj", "{EE6A2C6E-8A64-4B80-81A4-60013F050024}"
EndProject
Global
	GlobalSection(SolutionConfigurationPlatforms) = preSolution
		Debug|Any CPU = Debug|Any CPU
		Release|Any CPU = Release|Any CPU
	EndGlobalSection
	GlobalSection(ProjectConfigurationPlatforms) = postSolution
		{EE6A2C6E-8A64-4B80-81A4-60013F050024}.Debug|Any CPU.ActiveCfg = Debug|Any CPU
		{EE6A2C6E-8A64-4B80-81A4-60013F050024}.Debug|Any CPU.Build.0 = Debug|Any CPU
		{EE6A2C6E-8A64-4B80-81A4-60013F050024}.Release|Any CPU.ActiveCfg = Release|Any CPU
		{EE6A2C6E-8A64-4B80-81A4-60013F050024}.Release|Any CPU.Build.0 = Release|Any CPU
	EndGlobalSection
	GlobalSection(SolutionProperties) = preSolution
		HideSolutionNode = FALSE
	EndGlobalSection
	GlobalSection(ExtensibilityGlobals) = postSolution
		SolutionGuid = {4DB79736-2076-4163-80F5-FFF15D7E7FC2}
	EndGlobalSection
EndGlobal
